# THIS IS AN AUTOGENERATED FILE. DO NOT EDIT THIS FILE DIRECTLY.
# yarn lockfile v1


"@hotwired/stimulus@^3.0.0", "@hotwired/stimulus@>= 3", "@hotwired/stimulus@>=3.0.0":
  "integrity" "sha512-HGlzDcf9vv/EQrMJ5ZG6VWNs8Z/xMN+1o2OhV1gKiSG6CqZt5MCBB1gRg5ILiN3U0jEAxuDTNPRfBcnZBDmupQ=="
  "resolved" "https://registry.npmjs.org/@hotwired/stimulus/-/stimulus-3.2.1.tgz"
  "version" "3.2.1"

"hotkeys-js@>= 3", "hotkeys-js@>=3":
  "integrity" "sha512-mshqjgTqx8ee0qryHvRgZaZDxTwxam/2yTQmQlqAWS3+twnq1jsY9Yng9zB7lWq6WRrjTbTOc7knNwccXQiAjQ=="
  "resolved" "https://registry.npmjs.org/hotkeys-js/-/hotkeys-js-3.10.1.tgz"
  "version" "3.10.1"

"stimulus-dropdown@^2.1.0":
  "integrity" "sha512-p4Bs56/ilB2E0lfFaNajKIHZK1PMUUDnhDl74f97bn087fxIfRB7WQekVtTTWJdRlf3EIgSsDX7K1TsaLiIcLg=="
  "resolved" "https://registry.npmjs.org/stimulus-dropdown/-/stimulus-dropdown-2.1.0.tgz"
  "version" "2.1.0"
  dependencies:
    "stimulus-use" "^0.51.1"

"stimulus-use@^0.51.1":
  "integrity" "sha512-V4YETxMFL4/bpmcqlwFtaOaJg9sLF+XlWsvXrsoWVA5jffsqe7uAvV6gGPPQta7Hgx01vovA0yNsWUe2eU9Jmw=="
  "resolved" "https://registry.npmjs.org/stimulus-use/-/stimulus-use-0.51.3.tgz"
  "version" "0.51.3"
  dependencies:
    "hotkeys-js" ">=3"

"stimulus-use@^0.52.0":
  "integrity" "sha512-b2Z2krSSIqKvG9ncrjMlxbX3SYg9mgL0g/1Zc25jTZjTr0//wgg7szUi9G67amBs/yLqO12GAEnudybZgYNnjA=="
  "resolved" "https://registry.npmjs.org/stimulus-use/-/stimulus-use-0.52.0.tgz"
  "version" "0.52.0"

"tailwindcss-stimulus-components@^3.0.4":
  "integrity" "sha512-kv4CHEcTvZSmthV6PseSdnW/QqKh237fZrvbNKNhWeYsTuEnOrKvdbR+3CmpuTok7L4XgEXk+XOFfo7AMhhtAA=="
  "resolved" "https://registry.npmjs.org/tailwindcss-stimulus-components/-/tailwindcss-stimulus-components-3.0.4.tgz"
  "version" "3.0.4"
  dependencies:
    "@hotwired/stimulus" ">=3.0.0"
